{
  "name": "@onurege3467/log",
  "version": "2.1.0",
  "lockfileVersion": 3,
  "requires": true,
  "packages": {
    "": {
      "name": "@onurege3467/log",
      "version": "2.1.0",
      "license": "MIT",
      "dependencies": {
        "@onurege3467/easycolor": "^2.0.0",
        "@onurege3467/light-fs": "^3.0.0"
      },
      "devDependencies": {
        "@types/node": "^20.10.6",
        "typescript": "^5.3.3"
      },
      "engines": {
        "node": ">=14.0.0"
      }
    },
    "node_modules/@onurege3467/easycolor": {
      "version": "2.0.0",
      "resolved": "https://registry.npmjs.org/@onurege3467/easycolor/-/easycolor-2.0.0.tgz",
      "integrity": "sha512-ZjVe63vY5GAYRb1KW13/+Lhwy62FVZADxJ5+6q+Ug9IhzVIYoLeTiSyrFr2MzLk64zrYwuuJoO7BmQjrgWhZ7w==",
      "license": "MIT",
      "bin": {
        "easycolor": "bin/cli.js"
      },
      "engines": {
        "node": ">=10.0.0"
      }
    },
    "node_modules/@onurege3467/light-fs": {
      "version": "3.0.0",
      "resolved": "https://registry.npmjs.org/@onurege3467/light-fs/-/light-fs-3.0.0.tgz",
      "integrity": "sha512-QUlu1QOzIABb587KHCMGkFWFPeRV4dXywSfboN8YcU2LNiQ9f+3Alp3aNR/C2Y0cXms7yMQnmVZAqMnpuSphIQ==",
      "license": "MIT",
      "engines": {
        "node": ">=14.0.0"
      }
    },
    "node_modules/@types/node": {
      "version": "20.19.27",
      "resolved": "https://registry.npmjs.org/@types/node/-/node-20.19.27.tgz",
      "integrity": "sha512-N2clP5pJhB2YnZJ3PIHFk5RkygRX5WO/5f0WC08tp0wd+sv0rsJk3MqWn3CbNmT2J505a5336jaQj4ph1AdMug==",
      "dev": true,
      "license": "MIT",
      "dependencies": {
        "undici-types": "~6.21.0"
      }
    },
    "node_modules/typescript": {
      "version": "5.9.3",
      "resolved": "https://registry.npmjs.org/typescript/-/typescript-5.9.3.tgz",
      "integrity": "sha512-jl1vZzPDinLr9eUt3J/t7V6FgNEw9QjvBPdysz9KfQDD41fQrC2Y4vKQdiaUpFT4bXlb1RHhLpp8wtm6M5TgSw==",
      "dev": true,
      "license": "Apache-2.0",
      "bin": {
        "tsc": "bin/tsc",
        "tsserver": "bin/tsserver"
      },
      "engines": {
        "node": ">=14.17"
      }
    },
    "node_modules/undici-types": {
      "version": "6.21.0",
      "resolved": "https://registry.npmjs.org/undici-types/-/undici-types-6.21.0.tgz",
      "integrity": "sha512-iwDZqg0QAGrg9Rav5H4n0M64c3mkR59cJ6wQp+7C4nI0gsmExaedaYLNO44eT4AtBBwjbTiGPMlt2Md0T9H9JQ==",
      "dev": true,
      "license": "MIT"
    }
  }
}
